
Microsoft Visual Studio Solution File, Format Version 12.00
# Visual Studio Version 17
VisualStudioVersion = 17.11.35312.102
MinimumVisualStudioVersion = 10.0.40219.1
Project("{8BC9CEB8-8B4A-11D0-8D11-00A0C91BC942}") = "LB6.4.rec", "LB6.4.rec\LB6.4.rec.vcxproj", "{DE3F44B6-79C3-4A35-9461-BF07231ED92D}"
EndProject
Project("{8BC9CEB8-8B4A-11D0-8D11-00A0C91BC942}") = "UnitTest6.1.rec", "UnitTest6.1.rec\UnitTest6.1.rec.vcxproj", "{47CD79BE-3CFE-4091-96A3-98317FA2A2FC}"
EndProject
Global
	GlobalSection(SolutionConfigurationPlatforms) = preSolution
		Debug|x64 = Debug|x64
		Debug|x86 = Debug|x86
		Release|x64 = Release|x64
		Release|x86 = Release|x86
	EndGlobalSection
	GlobalSection(ProjectConfigurationPlatforms) = postSolution
		{DE3F44B6-79C3-4A35-9461-BF07231ED92D}.Debug|x64.ActiveCfg = Debug|x64
		{DE3F44B6-79C3-4A35-9461-BF07231ED92D}.Debug|x64.Build.0 = Debug|x64
		{DE3F44B6-79C3-4A35-9461-BF07231ED92D}.Debug|x86.ActiveCfg = Debug|Win32
		{DE3F44B6-79C3-4A35-9461-BF07231ED92D}.Debug|x86.Build.0 = Debug|Win32
		{DE3F44B6-79C3-4A35-9461-BF07231ED92D}.Release|x64.ActiveCfg = Release|x64
		{DE3F44B6-79C3-4A35-9461-BF07231ED92D}.Release|x64.Build.0 = Release|x64
		{DE3F44B6-79C3-4A35-9461-BF07231ED92D}.Release|x86.ActiveCfg = Release|Win32
		{DE3F44B6-79C3-4A35-9461-BF07231ED92D}.Release|x86.Build.0 = Release|Win32
		{47CD79BE-3CFE-4091-96A3-98317FA2A2FC}.Debug|x64.ActiveCfg = Debug|x64
		{47CD79BE-3CFE-4091-96A3-98317FA2A2FC}.Debug|x64.Build.0 = Debug|x64
		{47CD79BE-3CFE-4091-96A3-98317FA2A2FC}.Debug|x86.ActiveCfg = Debug|Win32
		{47CD79BE-3CFE-4091-96A3-98317FA2A2FC}.Debug|x86.Build.0 = Debug|Win32
		{47CD79BE-3CFE-4091-96A3-98317FA2A2FC}.Release|x64.ActiveCfg = Release|x64
		{47CD79BE-3CFE-4091-96A3-98317FA2A2FC}.Release|x64.Build.0 = Release|x64
		{47CD79BE-3CFE-4091-96A3-98317FA2A2FC}.Release|x86.ActiveCfg = Release|Win32
		{47CD79BE-3CFE-4091-96A3-98317FA2A2FC}.Release|x86.Build.0 = Release|Win32
	EndGlobalSection
	GlobalSection(SolutionProperties) = preSolution
		HideSolutionNode = FALSE
	EndGlobalSection
	GlobalSection(ExtensibilityGlobals) = postSolution
		SolutionGuid = {548205C6-6DA3-4FE5-84FF-16E86EC98A7B}
	EndGlobalSection
EndGlobal
